
Microsoft Visual Studio Solution File, Format Version 12.00
# Visual Studio Version 16
VisualStudioVersion = 16.0.30114.105
MinimumVisualStudioVersion = 10.0.40219.1
Project("{FAE04EC0-301F-11D3-BF4B-00C04F79EFBC}") = "Blog.Api", "Blog.Api\Blog.Api.csproj", "{D4328C75-5BBB-4B6C-9A85-DE24E1A425E6}"
EndProject
Project("{FAE04EC0-301F-11D3-BF4B-00C04F79EFBC}") = "Blog.Tests", "Blog.Tests\Blog.Tests.csproj", "{47DD3926-98C7-406E-AED1-7AEB1309566B}"
EndProject
Global
	GlobalSection(SolutionConfigurationPlatforms) = preSolution
		Debug|Any CPU = Debug|Any CPU
		Release|Any CPU = Release|Any CPU
	EndGlobalSection
	GlobalSection(SolutionProperties) = preSolution
		HideSolutionNode = FALSE
	EndGlobalSection
	GlobalSection(ProjectConfigurationPlatforms) = postSolution
		{D4328C75-5BBB-4B6C-9A85-DE24E1A425E6}.Debug|Any CPU.ActiveCfg = Debug|Any CPU
		{D4328C75-5BBB-4B6C-9A85-DE24E1A425E6}.Debug|Any CPU.Build.0 = Debug|Any CPU
		{D4328C75-5BBB-4B6C-9A85-DE24E1A425E6}.Release|Any CPU.ActiveCfg = Release|Any CPU
		{D4328C75-5BBB-4B6C-9A85-DE24E1A425E6}.Release|Any CPU.Build.0 = Release|Any CPU
		{47DD3926-98C7-406E-AED1-7AEB1309566B}.Debug|Any CPU.ActiveCfg = Debug|Any CPU
		{47DD3926-98C7-406E-AED1-7AEB1309566B}.Debug|Any CPU.Build.0 = Debug|Any CPU
		{47DD3926-98C7-406E-AED1-7AEB1309566B}.Release|Any CPU.ActiveCfg = Release|Any CPU
		{47DD3926-98C7-406E-AED1-7AEB1309566B}.Release|Any CPU.Build.0 = Release|Any CPU
	EndGlobalSection
EndGlobal
